PODS:
  - Expecta (0.3.0)
  - ReactiveCocoa (2.3):
    - ReactiveCocoa/Core
    - ReactiveCocoa/no-arc
  - ReactiveCocoa/Core (2.3):
    - ReactiveCocoa/no-arc
  - ReactiveCocoa/no-arc (2.3)
  - Specta (0.2.1)

DEPENDENCIES:
  - Expecta
  - ReactiveCocoa
  - Specta

SPEC CHECKSUMS:
  Expecta: 322f1dc42610106a5ba9871b4924cf1635d80833
  ReactiveCocoa: 1f6265f9d521923d3efcc37b00722cefc16df269
  Specta: 2d06220591110c6d9757d8be8ecf8e63aa40dc2a

COCOAPODS: 0.32.1
